{
  "originHash" : "7631d941c158f65b7fc3dc5dfae49a3e7092f4879010d69a9b7465d71b94f4ef",
  "pins" : [
    {
      "identity" : "facebook-ios-sdk",
      "kind" : "remoteSourceControl",
      "location" : "https://github.com/facebook/facebook-ios-sdk.git",
      "state" : {
        "revision" : "c19607d535864533523d1f437c84035e5fb101cf",
        "version" : "14.1.0"
      }
    },
    {
      "identity" : "mixpanel-swift",
      "kind" : "remoteSourceControl",
      "location" : "https://github.com/mixpanel/mixpanel-swift",
      "state" : {
        "branch" : "master",
        "revision" : "e8c8783d94f5fa2680f3e6eac202964c3db4d410"
      }
    },
    {
      "identity" : "purchases-ios",
      "kind" : "remoteSourceControl",
      "location" : "https://github.com/RevenueCat/purchases-ios",
      "state" : {
        "revision" : "eef133f4e8642675d924827f4b31a11f1ba5fc8a",
        "version" : "5.24.0"
      }
    }
  ],
  "version" : 3
}
