{
  "originHash" : "fbdec518f66720abc9cceef1ea36ee3229c4faa09fdcfd36f45e77839c989f98",
  "pins" : [
    {
      "identity" : "purchases-ios",
      "kind" : "remoteSourceControl",
      "location" : "https://github.com/RevenueCat/purchases-ios",
      "state" : {
        "revision" : "eef133f4e8642675d924827f4b31a11f1ba5fc8a",
        "version" : "5.24.0"
      }
    }
  ],
  "version" : 3
}
