{
  "originHash" : "7ff5c1af27701ea1c0dfcdfad13e102ddc888398a287ce5901782697336cce69",
  "pins" : [
    {
      "identity" : "mixpanel-swift",
      "kind" : "remoteSourceControl",
      "location" : "https://github.com/mixpanel/mixpanel-swift",
      "state" : {
        "branch" : "master",
        "revision" : "e8c8783d94f5fa2680f3e6eac202964c3db4d410"
      }
    },
    {
      "identity" : "purchases-ios",
      "kind" : "remoteSourceControl",
      "location" : "https://github.com/RevenueCat/purchases-ios",
      "state" : {
        "revision" : "eef133f4e8642675d924827f4b31a11f1ba5fc8a",
        "version" : "5.24.0"
      }
    }
  ],
  "version" : 3
}
