// !$*UTF8*$!
{
	archiveVersion = 1;
	classes = {
	};
	objectVersion = 77;
	objects = {

/* Begin PBXBuildFile section */
		248D87F12F3052400031846B /* FirebaseAI in Frameworks */ = {isa = PBXBuildFile; productRef = 248D87F02F3052400031846B /* FirebaseAI */; };
		248D87F32F3052400031846B /* FirebaseAILogic in Frameworks */ = {isa = PBXBuildFile; productRef = 248D87F22F3052400031846B /* FirebaseAILogic */; };
		248D87F52F3052400031846B /* FirebaseAnalytics in Frameworks */ = {isa = PBXBuildFile; productRef = 248D87F42F3052400031846B /* FirebaseAnalytics */; };
		248D87F72F3052400031846B /* FirebaseAnalyticsCore in Frameworks */ = {isa = PBXBuildFile; productRef = 248D87F62F3052400031846B /* FirebaseAnalyticsCore */; };
		248D87F92F3052400031846B /* FirebaseAnalyticsIdentitySupport in Frameworks */ = {isa = PBXBuildFile; productRef = 248D87F82F3052400031846B /* FirebaseAnalyticsIdentitySupport */; };
		248D87FB2F3052400031846B /* FirebaseAppCheck in Frameworks */ = {isa = PBXBuildFile; productRef = 248D87FA2F3052400031846B /* FirebaseAppCheck */; };
		248D87FD2F3052400031846B /* FirebaseAppDistribution-Beta in Frameworks */ = {isa = PBXBuildFile; productRef = 248D87FC2F3052400031846B /* FirebaseAppDistribution-Beta */; };
		248D87FF2F3052400031846B /* FirebaseAuth in Frameworks */ = {isa = PBXBuildFile; productRef = 248D87FE2F3052400031846B /* FirebaseAuth */; };
		248D88012F3052400031846B /* FirebaseAuthCombine-Community in Frameworks */ = {isa = PBXBuildFile; productRef = 248D88002F3052400031846B /* FirebaseAuthCombine-Community */; };
		248D88032F3052400031846B /* FirebaseCore in Frameworks */ = {isa = PBXBuildFile; productRef = 248D88022F3052400031846B /* FirebaseCore */; };
		248D88052F3052400031846B /* FirebaseCrashlytics in Frameworks */ = {isa = PBXBuildFile; productRef = 248D88042F3052400031846B /* FirebaseCrashlytics */; };
		248D88072F3052400031846B /* FirebaseDatabase in Frameworks */ = {isa = PBXBuildFile; productRef = 248D88062F3052400031846B /* FirebaseDatabase */; };
		248D88092F3052400031846B /* FirebaseFirestore in Frameworks */ = {isa = PBXBuildFile; productRef = 248D88082F3052400031846B /* FirebaseFirestore */; };
		248D880B2F3052400031846B /* FirebaseFirestoreCombine-Community in Frameworks */ = {isa = PBXBuildFile; productRef = 248D880A2F3052400031846B /* FirebaseFirestoreCombine-Community */; };
		248D880D2F3052400031846B /* FirebaseFunctions in Frameworks */ = {isa = PBXBuildFile; productRef = 248D880C2F3052400031846B /* FirebaseFunctions */; };
		248D880F2F3052400031846B /* FirebaseFunctionsCombine-Community in Frameworks */ = {isa = PBXBuildFile; productRef = 248D880E2F3052400031846B /* FirebaseFunctionsCombine-Community */; };
		248D88112F3052400031846B /* FirebaseInAppMessaging-Beta in Frameworks */ = {isa = PBXBuildFile; productRef = 248D88102F3052400031846B /* FirebaseInAppMessaging-Beta */; };
		248D88132F3052400031846B /* FirebaseInstallations in Frameworks */ = {isa = PBXBuildFile; productRef = 248D88122F3052400031846B /* FirebaseInstallations */; };
		248D88152F3052400031846B /* FirebaseMLModelDownloader in Frameworks */ = {isa = PBXBuildFile; productRef = 248D88142F3052400031846B /* FirebaseMLModelDownloader */; };
		248D88172F3052400031846B /* FirebaseMessaging in Frameworks */ = {isa = PBXBuildFile; productRef = 248D88162F3052400031846B /* FirebaseMessaging */; };
		248D881B2F3052400031846B /* FirebaseRemoteConfig in Frameworks */ = {isa = PBXBuildFile; productRef = 248D881A2F3052400031846B /* FirebaseRemoteConfig */; };
		248D881D2F3052400031846B /* FirebaseStorage in Frameworks */ = {isa = PBXBuildFile; productRef = 248D881C2F3052400031846B /* FirebaseStorage */; };
		248D881F2F3052400031846B /* FirebaseStorageCombine-Community in Frameworks */ = {isa = PBXBuildFile; productRef = 248D881E2F3052400031846B /* FirebaseStorageCombine-Community */; };
		248D88222F30531D0031846B /* GoogleSignIn in Frameworks */ = {isa = PBXBuildFile; productRef = 248D88212F30531D0031846B /* GoogleSignIn */; };
		248D88242F30531D0031846B /* GoogleSignInSwift in Frameworks */ = {isa = PBXBuildFile; productRef = 248D88232F30531D0031846B /* GoogleSignInSwift */; };
		7A1B2C342E9F000000000003 /* Vortex in Frameworks */ = {isa = PBXBuildFile; productRef = 7A1B2C342E9F000000000002 /* Vortex */; };
		84063F072E00E29200218E1F /* FacebookAEM in Frameworks */ = {isa = PBXBuildFile; productRef = 84063F062E00E29200218E1F /* FacebookAEM */; };
		84063F092E00E29200218E1F /* FacebookBasics in Frameworks */ = {isa = PBXBuildFile; productRef = 84063F082E00E29200218E1F /* FacebookBasics */; };
		84063F0B2E00E29200218E1F /* FacebookCore in Frameworks */ = {isa = PBXBuildFile; productRef = 84063F0A2E00E29200218E1F /* FacebookCore */; };
		84063F0D2E00E29200218E1F /* FacebookGamingServices in Frameworks */ = {isa = PBXBuildFile; productRef = 84063F0C2E00E29200218E1F /* FacebookGamingServices */; };
		84063F0F2E00E29200218E1F /* FacebookLogin in Frameworks */ = {isa = PBXBuildFile; productRef = 84063F0E2E00E29200218E1F /* FacebookLogin */; };
		84063F112E00E29200218E1F /* FacebookShare in Frameworks */ = {isa = PBXBuildFile; productRef = 84063F102E00E29200218E1F /* FacebookShare */; };
		8458DF492E158DB7001688EA /* RevenueCat in Frameworks */ = {isa = PBXBuildFile; productRef = 8458DF482E158DB7001688EA /* RevenueCat */; };
		8458DF4B2E158DB7001688EA /* RevenueCatUI in Frameworks */ = {isa = PBXBuildFile; productRef = 8458DF4A2E158DB7001688EA /* RevenueCatUI */; };
		845BE2C12DED4D1800ECD629 /* Mixpanel in Frameworks */ = {isa = PBXBuildFile; productRef = 845BE2C02DED4D1800ECD629 /* Mixpanel */; };
/* End PBXBuildFile section */

/* Begin PBXContainerItemProxy section */
		844EFACF2DA3416F00620E37 /* PBXContainerItemProxy */ = {
			isa = PBXContainerItemProxy;
			containerPortal = 844EFAB52DA3416E00620E37 /* Project object */;
			proxyType = 1;
			remoteGlobalIDString = 844EFABC2DA3416E00620E37;
			remoteInfo = MemoirAI;
		};
		844EFAD92DA3416F00620E37 /* PBXContainerItemProxy */ = {
			isa = PBXContainerItemProxy;
			containerPortal = 844EFAB52DA3416E00620E37 /* Project object */;
			proxyType = 1;
			remoteGlobalIDString = 844EFABC2DA3416E00620E37;
			remoteInfo = MemoirAI;
		};
/* End PBXContainerItemProxy section */

/* Begin PBXFileReference section */
		2497942A2F96891000D01413 /* MemoirAI.xcodeproj */ = {isa = PBXFileReference; lastKnownFileType = "wrapper.pb-project"; path = MemoirAI.xcodeproj; sourceTree = "<group>"; };
		844EFABD2DA3416E00620E37 /* MemoirAI.app */ = {isa = PBXFileReference; explicitFileType = wrapper.application; includeInIndex = 0; path = MemoirAI.app; sourceTree = BUILT_PRODUCTS_DIR; };
		844EFACE2DA3416F00620E37 /* MemoirAITests.xctest */ = {isa = PBXFileReference; explicitFileType = wrapper.cfbundle; includeInIndex = 0; path = MemoirAITests.xctest; sourceTree = BUILT_PRODUCTS_DIR; };
		844EFAD82DA3416F00620E37 /* MemoirAIUITests.xctest */ = {isa = PBXFileReference; explicitFileType = wrapper.cfbundle; includeInIndex = 0; path = MemoirAIUITests.xctest; sourceTree = BUILT_PRODUCTS_DIR; };
/* End PBXFileReference section */

/* Begin PBXFileSystemSynchronizedBuildFileExceptionSet section */
		84A6BBD82DC7F227002E7430 /* Exceptions for "MemoirAI" folder in "MemoirAI" target */ = {
			isa = PBXFileSystemSynchronizedBuildFileExceptionSet;
			membershipExceptions = (
				Info.plist,
				"Memory/MemoryEntry+Playback.swift",
				"Story/String+Pagnation.swift",
			);
			target = 844EFABC2DA3416E00620E37 /* MemoirAI */;
		};
/* End PBXFileSystemSynchronizedBuildFileExceptionSet section */

/* Begin PBXFileSystemSynchronizedRootGroup section */
		844EFABF2DA3416E00620E37 /* MemoirAI */ = {
			isa = PBXFileSystemSynchronizedRootGroup;
			exceptions = (
				84A6BBD82DC7F227002E7430 /* Exceptions for "MemoirAI" folder in "MemoirAI" target */,
			);
			path = MemoirAI;
			sourceTree = "<group>";
		};
		844EFAD12DA3416F00620E37 /* MemoirAITests */ = {
			isa = PBXFileSystemSynchronizedRootGroup;
			path = MemoirAITests;
			sourceTree = "<group>";
		};
		844EFADB2DA3416F00620E37 /* MemoirAIUITests */ = {
			isa = PBXFileSystemSynchronizedRootGroup;
			path = MemoirAIUITests;
			sourceTree = "<group>";
		};
/* End PBXFileSystemSynchronizedRootGroup section */

/* Begin PBXFrameworksBuildPhase section */
		844EFABA2DA3416E00620E37 /* Frameworks */ = {
			isa = PBXFrameworksBuildPhase;
			buildActionMask = 2147483647;
			files = (
				84063F072E00E29200218E1F /* FacebookAEM in Frameworks */,
				248D88012F3052400031846B /* FirebaseAuthCombine-Community in Frameworks */,
				84063F0B2E00E29200218E1F /* FacebookCore in Frameworks */,
				248D88132F3052400031846B /* FirebaseInstallations in Frameworks */,
				248D881D2F3052400031846B /* FirebaseStorage in Frameworks */,
				248D880D2F3052400031846B /* FirebaseFunctions in Frameworks */,
				248D87FF2F3052400031846B /* FirebaseAuth in Frameworks */,
				248D87F52F3052400031846B /* FirebaseAnalytics in Frameworks */,
				248D88222F30531D0031846B /* GoogleSignIn in Frameworks */,
				84063F092E00E29200218E1F /* FacebookBasics in Frameworks */,
				248D87F32F3052400031846B /* FirebaseAILogic in Frameworks */,
				248D88032F3052400031846B /* FirebaseCore in Frameworks */,
				84063F0F2E00E29200218E1F /* FacebookLogin in Frameworks */,
				248D881B2F3052400031846B /* FirebaseRemoteConfig in Frameworks */,
				248D88092F3052400031846B /* FirebaseFirestore in Frameworks */,
				248D87F72F3052400031846B /* FirebaseAnalyticsCore in Frameworks */,
				248D87FD2F3052400031846B /* FirebaseAppDistribution-Beta in Frameworks */,
				248D88112F3052400031846B /* FirebaseInAppMessaging-Beta in Frameworks */,
				248D880F2F3052400031846B /* FirebaseFunctionsCombine-Community in Frameworks */,
				8458DF492E158DB7001688EA /* RevenueCat in Frameworks */,
				248D88072F3052400031846B /* FirebaseDatabase in Frameworks */,
				248D880B2F3052400031846B /* FirebaseFirestoreCombine-Community in Frameworks */,
				248D881F2F3052400031846B /* FirebaseStorageCombine-Community in Frameworks */,
				248D87F12F3052400031846B /* FirebaseAI in Frameworks */,
				8458DF4B2E158DB7001688EA /* RevenueCatUI in Frameworks */,
				248D87F92F3052400031846B /* FirebaseAnalyticsIdentitySupport in Frameworks */,
				845BE2C12DED4D1800ECD629 /* Mixpanel in Frameworks */,
				7A1B2C342E9F000000000003 /* Vortex in Frameworks */,
				84063F112E00E29200218E1F /* FacebookShare in Frameworks */,
				248D88052F3052400031846B /* FirebaseCrashlytics in Frameworks */,
				248D88242F30531D0031846B /* GoogleSignInSwift in Frameworks */,
				248D87FB2F3052400031846B /* FirebaseAppCheck in Frameworks */,
				248D88172F3052400031846B /* FirebaseMessaging in Frameworks */,
				84063F0D2E00E29200218E1F /* FacebookGamingServices in Frameworks */,
				248D88152F3052400031846B /* FirebaseMLModelDownloader in Frameworks */,
			);
			runOnlyForDeploymentPostprocessing = 0;
		};
		844EFACB2DA3416F00620E37 /* Frameworks */ = {
			isa = PBXFrameworksBuildPhase;
			buildActionMask = 2147483647;
			files = (
			);
			runOnlyForDeploymentPostprocessing = 0;
		};
		844EFAD52DA3416F00620E37 /* Frameworks */ = {
			isa = PBXFrameworksBuildPhase;
			buildActionMask = 2147483647;
			files = (
			);
			runOnlyForDeploymentPostprocessing = 0;
		};
/* End PBXFrameworksBuildPhase section */

/* Begin PBXGroup section */
		249794EB2F96891000D01413 /* Products */ = {
			isa = PBXGroup;
			children = (
			);
			name = Products;
			sourceTree = "<group>";
		};
		844EFAB42DA3416E00620E37 = {
			isa = PBXGroup;
			children = (
				844EFABF2DA3416E00620E37 /* MemoirAI */,
				844EFAD12DA3416F00620E37 /* MemoirAITests */,
				844EFADB2DA3416F00620E37 /* MemoirAIUITests */,
				844EFABE2DA3416E00620E37 /* Products */,
			);
			sourceTree = "<group>";
		};
		844EFABE2DA3416E00620E37 /* Products */ = {
			isa = PBXGroup;
			children = (
				844EFABD2DA3416E00620E37 /* MemoirAI.app */,
				844EFACE2DA3416F00620E37 /* MemoirAITests.xctest */,
				844EFAD82DA3416F00620E37 /* MemoirAIUITests.xctest */,
			);
			name = Products;
			sourceTree = "<group>";
		};
/* End PBXGroup section */

/* Begin PBXNativeTarget section */
		844EFABC2DA3416E00620E37 /* MemoirAI */ = {
			isa = PBXNativeTarget;
			buildConfigurationList = 844EFAE22DA3416F00620E37 /* Build configuration list for PBXNativeTarget "MemoirAI" */;
			buildPhases = (
				844EFAB92DA3416E00620E37 /* Sources */,
				844EFABA2DA3416E00620E37 /* Frameworks */,
				844EFABB2DA3416E00620E37 /* Resources */,
			);
			buildRules = (
			);
			dependencies = (
			);
			fileSystemSynchronizedGroups = (
				844EFABF2DA3416E00620E37 /* MemoirAI */,
			);
			name = MemoirAI;
			packageProductDependencies = (
				845BE2C02DED4D1800ECD629 /* Mixpanel */,
				84063F062E00E29200218E1F /* FacebookAEM */,
				84063F082E00E29200218E1F /* FacebookBasics */,
				84063F0A2E00E29200218E1F /* FacebookCore */,
				84063F0C2E00E29200218E1F /* FacebookGamingServices */,
				84063F0E2E00E29200218E1F /* FacebookLogin */,
				84063F102E00E29200218E1F /* FacebookShare */,
				8458DF482E158DB7001688EA /* RevenueCat */,
				8458DF4A2E158DB7001688EA /* RevenueCatUI */,
				248D87F02F3052400031846B /* FirebaseAI */,
				248D87F22F3052400031846B /* FirebaseAILogic */,
				248D87F42F3052400031846B /* FirebaseAnalytics */,
				248D87F62F3052400031846B /* FirebaseAnalyticsCore */,
				248D87F82F3052400031846B /* FirebaseAnalyticsIdentitySupport */,
				248D87FA2F3052400031846B /* FirebaseAppCheck */,
				248D87FC2F3052400031846B /* FirebaseAppDistribution-Beta */,
				248D87FE2F3052400031846B /* FirebaseAuth */,
				248D88002F3052400031846B /* FirebaseAuthCombine-Community */,
				248D88022F3052400031846B /* FirebaseCore */,
				248D88042F3052400031846B /* FirebaseCrashlytics */,
				248D88062F3052400031846B /* FirebaseDatabase */,
				248D88082F3052400031846B /* FirebaseFirestore */,
				248D880A2F3052400031846B /* FirebaseFirestoreCombine-Community */,
				248D880C2F3052400031846B /* FirebaseFunctions */,
				248D880E2F3052400031846B /* FirebaseFunctionsCombine-Community */,
				248D88102F3052400031846B /* FirebaseInAppMessaging-Beta */,
				248D88122F3052400031846B /* FirebaseInstallations */,
				248D88142F3052400031846B /* FirebaseMLModelDownloader */,
				248D88162F3052400031846B /* FirebaseMessaging */,
				248D881A2F3052400031846B /* FirebaseRemoteConfig */,
				248D881C2F3052400031846B /* FirebaseStorage */,
				248D881E2F3052400031846B /* FirebaseStorageCombine-Community */,
				248D88212F30531D0031846B /* GoogleSignIn */,
				248D88232F30531D0031846B /* GoogleSignInSwift */,
				7A1B2C342E9F000000000002 /* Vortex */,
			);
			productName = MemoirAI;
			productReference = 844EFABD2DA3416E00620E37 /* MemoirAI.app */;
			productType = "com.apple.product-type.application";
		};
		844EFACD2DA3416F00620E37 /* MemoirAITests */ = {
			isa = PBXNativeTarget;
			buildConfigurationList = 844EFAE52DA3416F00620E37 /* Build configuration list for PBXNativeTarget "MemoirAITests" */;
			buildPhases = (
				844EFACA2DA3416F00620E37 /* Sources */,
				844EFACB2DA3416F00620E37 /* Frameworks */,
				844EFACC2DA3416F00620E37 /* Resources */,
			);
			buildRules = (
			);
			dependencies = (
				844EFAD02DA3416F00620E37 /* PBXTargetDependency */,
			);
			fileSystemSynchronizedGroups = (
				844EFAD12DA3416F00620E37 /* MemoirAITests */,
			);
			name = MemoirAITests;
			packageProductDependencies = (
			);
			productName = MemoirAITests;
			productReference = 844EFACE2DA3416F00620E37 /* MemoirAITests.xctest */;
			productType = "com.apple.product-type.bundle.unit-test";
		};
		844EFAD72DA3416F00620E37 /* MemoirAIUITests */ = {
			isa = PBXNativeTarget;
			buildConfigurationList = 844EFAE82DA3416F00620E37 /* Build configuration list for PBXNativeTarget "MemoirAIUITests" */;
			buildPhases = (
				844EFAD42DA3416F00620E37 /* Sources */,
				844EFAD52DA3416F00620E37 /* Frameworks */,
				844EFAD62DA3416F00620E37 /* Resources */,
			);
			buildRules = (
			);
			dependencies = (
				844EFADA2DA3416F00620E37 /* PBXTargetDependency */,
			);
			fileSystemSynchronizedGroups = (
				844EFADB2DA3416F00620E37 /* MemoirAIUITests */,
			);
			name = MemoirAIUITests;
			packageProductDependencies = (
			);
			productName = MemoirAIUITests;
			productReference = 844EFAD82DA3416F00620E37 /* MemoirAIUITests.xctest */;
			productType = "com.apple.product-type.bundle.ui-testing";
		};
/* End PBXNativeTarget section */

/* Begin PBXProject section */
		844EFAB52DA3416E00620E37 /* Project object */ = {
			isa = PBXProject;
			attributes = {
				BuildIndependentTargetsInParallel = 1;
				LastSwiftUpdateCheck = 1620;
				LastUpgradeCheck = 1620;
				TargetAttributes = {
					844EFABC2DA3416E00620E37 = {
						CreatedOnToolsVersion = 16.2;
					};
					844EFACD2DA3416F00620E37 = {
						CreatedOnToolsVersion = 16.2;
						TestTargetID = 844EFABC2DA3416E00620E37;
					};
					844EFAD72DA3416F00620E37 = {
						CreatedOnToolsVersion = 16.2;
						TestTargetID = 844EFABC2DA3416E00620E37;
					};
				};
			};
			buildConfigurationList = 844EFAB82DA3416E00620E37 /* Build configuration list for PBXProject "MemoirAI" */;
			developmentRegion = en;
			hasScannedForEncodings = 0;
			knownRegions = (
				en,
				Base,
			);
			mainGroup = 844EFAB42DA3416E00620E37;
			minimizedProjectReferenceProxies = 1;
			packageReferences = (
				845BE2BF2DED4D1800ECD629 /* XCRemoteSwiftPackageReference "mixpanel-swift" */,
				84063F052E00E29200218E1F /* XCRemoteSwiftPackageReference "facebook-ios-sdk" */,
				8458DF472E158DB7001688EA /* XCRemoteSwiftPackageReference "purchases-ios" */,
				248D87EF2F3052400031846B /* XCRemoteSwiftPackageReference "firebase-ios-sdk" */,
				248D88202F30531D0031846B /* XCRemoteSwiftPackageReference "GoogleSignIn-iOS" */,
				7A1B2C342E9F000000000001 /* XCRemoteSwiftPackageReference "Vortex" */,
			);
			preferredProjectObjectVersion = 77;
			productRefGroup = 844EFABE2DA3416E00620E37 /* Products */;
			projectDirPath = "";
			projectReferences = (
				{
					ProductGroup = 249794EB2F96891000D01413 /* Products */;
					ProjectRef = 2497942A2F96891000D01413 /* MemoirAI.xcodeproj */;
				},
			);
			projectRoot = "";
			targets = (
				844EFABC2DA3416E00620E37 /* MemoirAI */,
				844EFACD2DA3416F00620E37 /* MemoirAITests */,
				844EFAD72DA3416F00620E37 /* MemoirAIUITests */,
			);
		};
/* End PBXProject section */

/* Begin PBXResourcesBuildPhase section */
		844EFABB2DA3416E00620E37 /* Resources */ = {
			isa = PBXResourcesBuildPhase;
			buildActionMask = 2147483647;
			files = (
			);
			runOnlyForDeploymentPostprocessing = 0;
		};
		844EFACC2DA3416F00620E37 /* Resources */ = {
			isa = PBXResourcesBuildPhase;
			buildActionMask = 2147483647;
			files = (
			);
			runOnlyForDeploymentPostprocessing = 0;
		};
		844EFAD62DA3416F00620E37 /* Resources */ = {
			isa = PBXResourcesBuildPhase;
			buildActionMask = 2147483647;
			files = (
			);
			runOnlyForDeploymentPostprocessing = 0;
		};
/* End PBXResourcesBuildPhase section */

/* Begin PBXSourcesBuildPhase section */
		844EFAB92DA3416E00620E37 /* Sources */ = {
			isa = PBXSourcesBuildPhase;
			buildActionMask = 2147483647;
			files = (
			);
			runOnlyForDeploymentPostprocessing = 0;
		};
		844EFACA2DA3416F00620E37 /* Sources */ = {
			isa = PBXSourcesBuildPhase;
			buildActionMask = 2147483647;
			files = (
			);
			runOnlyForDeploymentPostprocessing = 0;
		};
		844EFAD42DA3416F00620E37 /* Sources */ = {
			isa = PBXSourcesBuildPhase;
			buildActionMask = 2147483647;
			files = (
			);
			runOnlyForDeploymentPostprocessing = 0;
		};
/* End PBXSourcesBuildPhase section */

/* Begin PBXTargetDependency section */
		844EFAD02DA3416F00620E37 /* PBXTargetDependency */ = {
			isa = PBXTargetDependency;
			target = 844EFABC2DA3416E00620E37 /* MemoirAI */;
			targetProxy = 844EFACF2DA3416F00620E37 /* PBXContainerItemProxy */;
		};
		844EFADA2DA3416F00620E37 /* PBXTargetDependency */ = {
			isa = PBXTargetDependency;
			target = 844EFABC2DA3416E00620E37 /* MemoirAI */;
			targetProxy = 844EFAD92DA3416F00620E37 /* PBXContainerItemProxy */;
		};
/* End PBXTargetDependency section */

/* Begin XCBuildConfiguration section */
		844EFAE02DA3416F00620E37 /* Debug */ = {
			isa = XCBuildConfiguration;
			buildSettings = {
				ALWAYS_SEARCH_USER_PATHS = NO;
				ASSETCATALOG_COMPILER_GENERATE_SWIFT_ASSET_SYMBOL_EXTENSIONS = YES;
				CLANG_ANALYZER_NONNULL = YES;
				CLANG_ANALYZER_NUMBER_OBJECT_CONVERSION = YES_AGGRESSIVE;
				CLANG_CXX_LANGUAGE_STANDARD = "gnu++20";
				CLANG_ENABLE_MODULES = YES;
				CLANG_ENABLE_OBJC_ARC = YES;
				CLANG_ENABLE_OBJC_WEAK = YES;
				CLANG_WARN_BLOCK_CAPTURE_AUTORELEASING = YES;
				CLANG_WARN_BOOL_CONVERSION = YES;
				CLANG_WARN_COMMA = YES;
				CLANG_WARN_CONSTANT_CONVERSION = YES;
				CLANG_WARN_DEPRECATED_OBJC_IMPLEMENTATIONS = YES;
				CLANG_WARN_DIRECT_OBJC_ISA_USAGE = YES_ERROR;
				CLANG_WARN_DOCUMENTATION_COMMENTS = YES;
				CLANG_WARN_EMPTY_BODY = YES;
				CLANG_WARN_ENUM_CONVERSION = YES;
				CLANG_WARN_INFINITE_RECURSION = YES;
				CLANG_WARN_INT_CONVERSION = YES;
				CLANG_WARN_NON_LITERAL_NULL_CONVERSION = YES;
				CLANG_WARN_OBJC_IMPLICIT_RETAIN_SELF = YES;
				CLANG_WARN_OBJC_LITERAL_CONVERSION = YES;
				CLANG_WARN_OBJC_ROOT_CLASS = YES_ERROR;
				CLANG_WARN_QUOTED_INCLUDE_IN_FRAMEWORK_HEADER = YES;
				CLANG_WARN_RANGE_LOOP_ANALYSIS = YES;
				CLANG_WARN_STRICT_PROTOTYPES = YES;
				CLANG_WARN_SUSPICIOUS_MOVE = YES;
				CLANG_WARN_UNGUARDED_AVAILABILITY = YES_AGGRESSIVE;
				CLANG_WARN_UNREACHABLE_CODE = YES;
				CLANG_WARN__DUPLICATE_METHOD_MATCH = YES;
				COPY_PHASE_STRIP = NO;
				DEBUG_INFORMATION_FORMAT = dwarf;
				ENABLE_STRICT_OBJC_MSGSEND = YES;
				ENABLE_TESTABILITY = YES;
				ENABLE_USER_SCRIPT_SANDBOXING = YES;
				GCC_C_LANGUAGE_STANDARD = gnu17;
				GCC_DYNAMIC_NO_PIC = NO;
				GCC_NO_COMMON_BLOCKS = YES;
				GCC_OPTIMIZATION_LEVEL = 0;
				GCC_PREPROCESSOR_DEFINITIONS = (
					"DEBUG=1",
					"$(inherited)",
				);
				GCC_WARN_64_TO_32_BIT_CONVERSION = YES;
				GCC_WARN_ABOUT_RETURN_TYPE = YES_ERROR;
				GCC_WARN_UNDECLARED_SELECTOR = YES;
				GCC_WARN_UNINITIALIZED_AUTOS = YES_AGGRESSIVE;
				GCC_WARN_UNUSED_FUNCTION = YES;
				GCC_WARN_UNUSED_VARIABLE = YES;
				LOCALIZATION_PREFERS_STRING_CATALOGS = YES;
				MTL_ENABLE_DEBUG_INFO = INCLUDE_SOURCE;
				MTL_FAST_MATH = YES;
				ONLY_ACTIVE_ARCH = YES;
				SWIFT_ACTIVE_COMPILATION_CONDITIONS = "DEBUG $(inherited)";
				SWIFT_OPTIMIZATION_LEVEL = "-Onone";
			};
			name = Debug;
		};
		844EFAE12DA3416F00620E37 /* Release */ = {
			isa = XCBuildConfiguration;
			buildSettings = {
				ALWAYS_SEARCH_USER_PATHS = NO;
				ASSETCATALOG_COMPILER_GENERATE_SWIFT_ASSET_SYMBOL_EXTENSIONS = YES;
				CLANG_ANALYZER_NONNULL = YES;
				CLANG_ANALYZER_NUMBER_OBJECT_CONVERSION = YES_AGGRESSIVE;
				CLANG_CXX_LANGUAGE_STANDARD = "gnu++20";
				CLANG_ENABLE_MODULES = YES;
				CLANG_ENABLE_OBJC_ARC = YES;
				CLANG_ENABLE_OBJC_WEAK = YES;
				CLANG_WARN_BLOCK_CAPTURE_AUTORELEASING = YES;
				CLANG_WARN_BOOL_CONVERSION = YES;
				CLANG_WARN_COMMA = YES;
				CLANG_WARN_CONSTANT_CONVERSION = YES;
				CLANG_WARN_DEPRECATED_OBJC_IMPLEMENTATIONS = YES;
				CLANG_WARN_DIRECT_OBJC_ISA_USAGE = YES_ERROR;
				CLANG_WARN_DOCUMENTATION_COMMENTS = YES;
				CLANG_WARN_EMPTY_BODY = YES;
				CLANG_WARN_ENUM_CONVERSION = YES;
				CLANG_WARN_INFINITE_RECURSION = YES;
				CLANG_WARN_INT_CONVERSION = YES;
				CLANG_WARN_NON_LITERAL_NULL_CONVERSION = YES;
				CLANG_WARN_OBJC_IMPLICIT_RETAIN_SELF = YES;
				CLANG_WARN_OBJC_LITERAL_CONVERSION = YES;
				CLANG_WARN_OBJC_ROOT_CLASS = YES_ERROR;
				CLANG_WARN_QUOTED_INCLUDE_IN_FRAMEWORK_HEADER = YES;
				CLANG_WARN_RANGE_LOOP_ANALYSIS = YES;
				CLANG_WARN_STRICT_PROTOTYPES = YES;
				CLANG_WARN_SUSPICIOUS_MOVE = YES;
				CLANG_WARN_UNGUARDED_AVAILABILITY = YES_AGGRESSIVE;
				CLANG_WARN_UNREACHABLE_CODE = YES;
				CLANG_WARN__DUPLICATE_METHOD_MATCH = YES;
				COPY_PHASE_STRIP = NO;
				DEBUG_INFORMATION_FORMAT = "dwarf-with-dsym";
				ENABLE_NS_ASSERTIONS = NO;
				ENABLE_STRICT_OBJC_MSGSEND = YES;
				ENABLE_USER_SCRIPT_SANDBOXING = YES;
				GCC_C_LANGUAGE_STANDARD = gnu17;
				GCC_NO_COMMON_BLOCKS = YES;
				GCC_WARN_64_TO_32_BIT_CONVERSION = YES;
				GCC_WARN_ABOUT_RETURN_TYPE = YES_ERROR;
				GCC_WARN_UNDECLARED_SELECTOR = YES;
				GCC_WARN_UNINITIALIZED_AUTOS = YES_AGGRESSIVE;
				GCC_WARN_UNUSED_FUNCTION = YES;
				GCC_WARN_UNUSED_VARIABLE = YES;
				LOCALIZATION_PREFERS_STRING_CATALOGS = YES;
				MTL_ENABLE_DEBUG_INFO = NO;
				MTL_FAST_MATH = YES;
				SWIFT_COMPILATION_MODE = wholemodule;
			};
			name = Release;
		};
		844EFAE32DA3416F00620E37 /* Debug */ = {
			isa = XCBuildConfiguration;
			buildSettings = {
				ASSETCATALOG_COMPILER_APPICON_NAME = AppIcon;
				ASSETCATALOG_COMPILER_GLOBAL_ACCENT_COLOR_NAME = AccentColor;
				CODE_SIGN_ENTITLEMENTS = MemoirAI/MemoirAI.entitlements;
				CODE_SIGN_STYLE = Automatic;
				CURRENT_PROJECT_VERSION = 1;
				DEVELOPMENT_ASSET_PATHS = "\"MemoirAI/Preview Content\"";
				DEVELOPMENT_TEAM = SNG8SZK5TY;
				ENABLE_HARDENED_RUNTIME = YES;
				ENABLE_PREVIEWS = YES;
				EXCLUDED_RESOURCE_FILE_NAMES = ".claude/* .claude/**/* .claude/worktrees/* .claude/worktrees/**/* */.claude/* */.claude/**/* */.claude/worktrees/* */.claude/worktrees/**/*";
				EXCLUDED_SOURCE_FILE_NAMES = (
					".claude/*",
					".claude/**/*",
					".claude/worktrees/*",
					".claude/worktrees/**/*",
					"*/.claude/*",
					"*/.claude/**/*",
					"*/.claude/worktrees/*",
					"*/.claude/worktrees/**/*",
				);
				GENERATE_INFOPLIST_FILE = NO;
				INFOPLIST_FILE = MemoirAI/Info.plist;
				"INFOPLIST_KEY_UIApplicationSceneManifest_Generation[sdk=iphoneos*]" = YES;
				"INFOPLIST_KEY_UIApplicationSceneManifest_Generation[sdk=iphonesimulator*]" = YES;
				"INFOPLIST_KEY_UIApplicationSupportsIndirectInputEvents[sdk=iphoneos*]" = YES;
				"INFOPLIST_KEY_UIApplicationSupportsIndirectInputEvents[sdk=iphonesimulator*]" = YES;
				"INFOPLIST_KEY_UILaunchScreen_Generation[sdk=iphoneos*]" = YES;
				"INFOPLIST_KEY_UILaunchScreen_Generation[sdk=iphonesimulator*]" = YES;
				"INFOPLIST_KEY_UIStatusBarStyle[sdk=iphoneos*]" = UIStatusBarStyleDefault;
				"INFOPLIST_KEY_UIStatusBarStyle[sdk=iphonesimulator*]" = UIStatusBarStyleDefault;
				INFOPLIST_KEY_UISupportedInterfaceOrientations_iPad = "UIInterfaceOrientationPortrait UIInterfaceOrientationPortraitUpsideDown UIInterfaceOrientationLandscapeLeft UIInterfaceOrientationLandscapeRight";
				INFOPLIST_KEY_UISupportedInterfaceOrientations_iPhone = "UIInterfaceOrientationPortrait UIInterfaceOrientationLandscapeLeft UIInterfaceOrientationLandscapeRight";
				IPHONEOS_DEPLOYMENT_TARGET = 17.6;
				LD_RUNPATH_SEARCH_PATHS = "@executable_path/Frameworks";
				"LD_RUNPATH_SEARCH_PATHS[sdk=macosx*]" = "@executable_path/../Frameworks";
				MARKETING_VERSION = 1.1;
				PRODUCT_BUNDLE_IDENTIFIER = com.Buildr.MemoirAI;
				PRODUCT_NAME = "$(TARGET_NAME)";
				SDKROOT = auto;
				SUPPORTED_PLATFORMS = "iphoneos iphonesimulator";
				SWIFT_EMIT_LOC_STRINGS = YES;
				SWIFT_VERSION = 5.0;
				TARGETED_DEVICE_FAMILY = "1,2";
			};
			name = Debug;
		};
		844EFAE42DA3416F00620E37 /* Release */ = {
			isa = XCBuildConfiguration;
			buildSettings = {
				ASSETCATALOG_COMPILER_APPICON_NAME = AppIcon;
				ASSETCATALOG_COMPILER_GLOBAL_ACCENT_COLOR_NAME = AccentColor;
				CODE_SIGN_ENTITLEMENTS = MemoirAI/MemoirAI.entitlements;
				CODE_SIGN_STYLE = Automatic;
				CURRENT_PROJECT_VERSION = 1;
				DEVELOPMENT_ASSET_PATHS = "\"MemoirAI/Preview Content\"";
				DEVELOPMENT_TEAM = SNG8SZK5TY;
				ENABLE_HARDENED_RUNTIME = YES;
				ENABLE_PREVIEWS = YES;
				EXCLUDED_RESOURCE_FILE_NAMES = ".claude/* .claude/**/* .claude/worktrees/* .claude/worktrees/**/* */.claude/* */.claude/**/* */.claude/worktrees/* */.claude/worktrees/**/*";
				EXCLUDED_SOURCE_FILE_NAMES = (
					".claude/*",
					".claude/**/*",
					".claude/worktrees/*",
					".claude/worktrees/**/*",
					"*/.claude/*",
					"*/.claude/**/*",
					"*/.claude/worktrees/*",
					"*/.claude/worktrees/**/*",
				);
				GENERATE_INFOPLIST_FILE = NO;
				INFOPLIST_FILE = MemoirAI/Info.plist;
				"INFOPLIST_KEY_UIApplicationSceneManifest_Generation[sdk=iphoneos*]" = YES;
				"INFOPLIST_KEY_UIApplicationSceneManifest_Generation[sdk=iphonesimulator*]" = YES;
				"INFOPLIST_KEY_UIApplicationSupportsIndirectInputEvents[sdk=iphoneos*]" = YES;
				"INFOPLIST_KEY_UIApplicationSupportsIndirectInputEvents[sdk=iphonesimulator*]" = YES;
				"INFOPLIST_KEY_UILaunchScreen_Generation[sdk=iphoneos*]" = YES;
				"INFOPLIST_KEY_UILaunchScreen_Generation[sdk=iphonesimulator*]" = YES;
				"INFOPLIST_KEY_UIStatusBarStyle[sdk=iphoneos*]" = UIStatusBarStyleDefault;
				"INFOPLIST_KEY_UIStatusBarStyle[sdk=iphonesimulator*]" = UIStatusBarStyleDefault;
				INFOPLIST_KEY_UISupportedInterfaceOrientations_iPad = "UIInterfaceOrientationPortrait UIInterfaceOrientationPortraitUpsideDown UIInterfaceOrientationLandscapeLeft UIInterfaceOrientationLandscapeRight";
				INFOPLIST_KEY_UISupportedInterfaceOrientations_iPhone = "UIInterfaceOrientationPortrait UIInterfaceOrientationLandscapeLeft UIInterfaceOrientationLandscapeRight";
				IPHONEOS_DEPLOYMENT_TARGET = 17.6;
				LD_RUNPATH_SEARCH_PATHS = "@executable_path/Frameworks";
				"LD_RUNPATH_SEARCH_PATHS[sdk=macosx*]" = "@executable_path/../Frameworks";
				MARKETING_VERSION = 1.1;
				PRODUCT_BUNDLE_IDENTIFIER = com.Buildr.MemoirAI;
				PRODUCT_NAME = "$(TARGET_NAME)";
				SDKROOT = auto;
				SUPPORTED_PLATFORMS = "iphoneos iphonesimulator";
				SWIFT_EMIT_LOC_STRINGS = YES;
				SWIFT_VERSION = 5.0;
				TARGETED_DEVICE_FAMILY = "1,2";
			};
			name = Release;
		};
		844EFAE62DA3416F00620E37 /* Debug */ = {
			isa = XCBuildConfiguration;
			buildSettings = {
				BUNDLE_LOADER = "$(TEST_HOST)";
				CODE_SIGN_STYLE = Automatic;
				CURRENT_PROJECT_VERSION = 1;
				DEVELOPMENT_TEAM = SNG8SZK5TY;
				GENERATE_INFOPLIST_FILE = YES;
				IPHONEOS_DEPLOYMENT_TARGET = 18.2;
				MARKETING_VERSION = 1.0;
				PRODUCT_BUNDLE_IDENTIFIER = com.Buildr.MemoirAITests;
				PRODUCT_NAME = "$(TARGET_NAME)";
				SDKROOT = auto;
				SUPPORTED_PLATFORMS = "iphoneos iphonesimulator";
				SWIFT_EMIT_LOC_STRINGS = NO;
				SWIFT_VERSION = 5.0;
				TARGETED_DEVICE_FAMILY = "1,2";
				TEST_HOST = "$(BUILT_PRODUCTS_DIR)/MemoirAI.app/$(BUNDLE_EXECUTABLE_FOLDER_PATH)/MemoirAI";
			};
			name = Debug;
		};
		844EFAE72DA3416F00620E37 /* Release */ = {
			isa = XCBuildConfiguration;
			buildSettings = {
				BUNDLE_LOADER = "$(TEST_HOST)";
				CODE_SIGN_STYLE = Automatic;
				CURRENT_PROJECT_VERSION = 1;
				DEVELOPMENT_TEAM = SNG8SZK5TY;
				GENERATE_INFOPLIST_FILE = YES;
				IPHONEOS_DEPLOYMENT_TARGET = 18.2;
				MARKETING_VERSION = 1.0;
				PRODUCT_BUNDLE_IDENTIFIER = com.Buildr.MemoirAITests;
				PRODUCT_NAME = "$(TARGET_NAME)";
				SDKROOT = auto;
				SUPPORTED_PLATFORMS = "iphoneos iphonesimulator";
				SWIFT_EMIT_LOC_STRINGS = NO;
				SWIFT_VERSION = 5.0;
				TARGETED_DEVICE_FAMILY = "1,2";
				TEST_HOST = "$(BUILT_PRODUCTS_DIR)/MemoirAI.app/$(BUNDLE_EXECUTABLE_FOLDER_PATH)/MemoirAI";
			};
			name = Release;
		};
		844EFAE92DA3416F00620E37 /* Debug */ = {
			isa = XCBuildConfiguration;
			buildSettings = {
				CODE_SIGN_STYLE = Automatic;
				CURRENT_PROJECT_VERSION = 1;
				DEVELOPMENT_TEAM = SNG8SZK5TY;
				GENERATE_INFOPLIST_FILE = YES;
				IPHONEOS_DEPLOYMENT_TARGET = 18.2;
				MARKETING_VERSION = 1.0;
				PRODUCT_BUNDLE_IDENTIFIER = com.Buildr.MemoirAIUITests;
				PRODUCT_NAME = "$(TARGET_NAME)";
				SDKROOT = auto;
				SUPPORTED_PLATFORMS = "iphoneos iphonesimulator";
				SWIFT_EMIT_LOC_STRINGS = NO;
				SWIFT_VERSION = 5.0;
				TARGETED_DEVICE_FAMILY = "1,2";
				TEST_TARGET_NAME = MemoirAI;
			};
			name = Debug;
		};
		844EFAEA2DA3416F00620E37 /* Release */ = {
			isa = XCBuildConfiguration;
			buildSettings = {
				CODE_SIGN_STYLE = Automatic;
				CURRENT_PROJECT_VERSION = 1;
				DEVELOPMENT_TEAM = SNG8SZK5TY;
				GENERATE_INFOPLIST_FILE = YES;
				IPHONEOS_DEPLOYMENT_TARGET = 18.2;
				MARKETING_VERSION = 1.0;
				PRODUCT_BUNDLE_IDENTIFIER = com.Buildr.MemoirAIUITests;
				PRODUCT_NAME = "$(TARGET_NAME)";
				SDKROOT = auto;
				SUPPORTED_PLATFORMS = "iphoneos iphonesimulator";
				SWIFT_EMIT_LOC_STRINGS = NO;
				SWIFT_VERSION = 5.0;
				TARGETED_DEVICE_FAMILY = "1,2";
				TEST_TARGET_NAME = MemoirAI;
			};
			name = Release;
		};
/* End XCBuildConfiguration section */

/* Begin XCConfigurationList section */
		844EFAB82DA3416E00620E37 /* Build configuration list for PBXProject "MemoirAI" */ = {
			isa = XCConfigurationList;
			buildConfigurations = (
				844EFAE02DA3416F00620E37 /* Debug */,
				844EFAE12DA3416F00620E37 /* Release */,
			);
			defaultConfigurationIsVisible = 0;
			defaultConfigurationName = Release;
		};
		844EFAE22DA3416F00620E37 /* Build configuration list for PBXNativeTarget "MemoirAI" */ = {
			isa = XCConfigurationList;
			buildConfigurations = (
				844EFAE32DA3416F00620E37 /* Debug */,
				844EFAE42DA3416F00620E37 /* Release */,
			);
			defaultConfigurationIsVisible = 0;
			defaultConfigurationName = Release;
		};
		844EFAE52DA3416F00620E37 /* Build configuration list for PBXNativeTarget "MemoirAITests" */ = {
			isa = XCConfigurationList;
			buildConfigurations = (
				844EFAE62DA3416F00620E37 /* Debug */,
				844EFAE72DA3416F00620E37 /* Release */,
			);
			defaultConfigurationIsVisible = 0;
			defaultConfigurationName = Release;
		};
		844EFAE82DA3416F00620E37 /* Build configuration list for PBXNativeTarget "MemoirAIUITests" */ = {
			isa = XCConfigurationList;
			buildConfigurations = (
				844EFAE92DA3416F00620E37 /* Debug */,
				844EFAEA2DA3416F00620E37 /* Release */,
			);
			defaultConfigurationIsVisible = 0;
			defaultConfigurationName = Release;
		};
/* End XCConfigurationList section */

/* Begin XCRemoteSwiftPackageReference section */
		248D87EF2F3052400031846B /* XCRemoteSwiftPackageReference "firebase-ios-sdk" */ = {
			isa = XCRemoteSwiftPackageReference;
			repositoryURL = "https://github.com/firebase/firebase-ios-sdk.git";
			requirement = {
				kind = upToNextMajorVersion;
				minimumVersion = 12.8.0;
			};
		};
		248D88202F30531D0031846B /* XCRemoteSwiftPackageReference "GoogleSignIn-iOS" */ = {
			isa = XCRemoteSwiftPackageReference;
			repositoryURL = "https://github.com/google/GoogleSignIn-iOS";
			requirement = {
				kind = upToNextMajorVersion;
				minimumVersion = 9.1.0;
			};
		};
		7A1B2C342E9F000000000001 /* XCRemoteSwiftPackageReference "Vortex" */ = {
			isa = XCRemoteSwiftPackageReference;
			repositoryURL = "https://github.com/twostraws/Vortex";
			requirement = {
				kind = upToNextMajorVersion;
				minimumVersion = 1.0.0;
			};
		};
		84063F052E00E29200218E1F /* XCRemoteSwiftPackageReference "facebook-ios-sdk" */ = {
			isa = XCRemoteSwiftPackageReference;
			repositoryURL = "https://github.com/facebook/facebook-ios-sdk.git";
			requirement = {
				kind = upToNextMajorVersion;
				minimumVersion = 14.1.0;
			};
		};
		8458DF472E158DB7001688EA /* XCRemoteSwiftPackageReference "purchases-ios" */ = {
			isa = XCRemoteSwiftPackageReference;
			repositoryURL = "https://github.com/RevenueCat/purchases-ios";
			requirement = {
				kind = upToNextMajorVersion;
				minimumVersion = 5.30.0;
			};
		};
		845BE2BF2DED4D1800ECD629 /* XCRemoteSwiftPackageReference "mixpanel-swift" */ = {
			isa = XCRemoteSwiftPackageReference;
			repositoryURL = "https://github.com/mixpanel/mixpanel-swift";
			requirement = {
				branch = master;
				kind = branch;
			};
		};
/* End XCRemoteSwiftPackageReference section */

/* Begin XCSwiftPackageProductDependency section */
		248D87F02F3052400031846B /* FirebaseAI */ = {
			isa = XCSwiftPackageProductDependency;
			package = 248D87EF2F3052400031846B /* XCRemoteSwiftPackageReference "firebase-ios-sdk" */;
			productName = FirebaseAI;
		};
		248D87F22F3052400031846B /* FirebaseAILogic */ = {
			isa = XCSwiftPackageProductDependency;
			package = 248D87EF2F3052400031846B /* XCRemoteSwiftPackageReference "firebase-ios-sdk" */;
			productName = FirebaseAILogic;
		};
		248D87F42F3052400031846B /* FirebaseAnalytics */ = {
			isa = XCSwiftPackageProductDependency;
			package = 248D87EF2F3052400031846B /* XCRemoteSwiftPackageReference "firebase-ios-sdk" */;
			productName = FirebaseAnalytics;
		};
		248D87F62F3052400031846B /* FirebaseAnalyticsCore */ = {
			isa = XCSwiftPackageProductDependency;
			package = 248D87EF2F3052400031846B /* XCRemoteSwiftPackageReference "firebase-ios-sdk" */;
			productName = FirebaseAnalyticsCore;
		};
		248D87F82F3052400031846B /* FirebaseAnalyticsIdentitySupport */ = {
			isa = XCSwiftPackageProductDependency;
			package = 248D87EF2F3052400031846B /* XCRemoteSwiftPackageReference "firebase-ios-sdk" */;
			productName = FirebaseAnalyticsIdentitySupport;
		};
		248D87FA2F3052400031846B /* FirebaseAppCheck */ = {
			isa = XCSwiftPackageProductDependency;
			package = 248D87EF2F3052400031846B /* XCRemoteSwiftPackageReference "firebase-ios-sdk" */;
			productName = FirebaseAppCheck;
		};
		248D87FC2F3052400031846B /* FirebaseAppDistribution-Beta */ = {
			isa = XCSwiftPackageProductDependency;
			package = 248D87EF2F3052400031846B /* XCRemoteSwiftPackageReference "firebase-ios-sdk" */;
			productName = "FirebaseAppDistribution-Beta";
		};
		248D87FE2F3052400031846B /* FirebaseAuth */ = {
			isa = XCSwiftPackageProductDependency;
			package = 248D87EF2F3052400031846B /* XCRemoteSwiftPackageReference "firebase-ios-sdk" */;
			productName = FirebaseAuth;
		};
		248D88002F3052400031846B /* FirebaseAuthCombine-Community */ = {
			isa = XCSwiftPackageProductDependency;
			package = 248D87EF2F3052400031846B /* XCRemoteSwiftPackageReference "firebase-ios-sdk" */;
			productName = "FirebaseAuthCombine-Community";
		};
		248D88022F3052400031846B /* FirebaseCore */ = {
			isa = XCSwiftPackageProductDependency;
			package = 248D87EF2F3052400031846B /* XCRemoteSwiftPackageReference "firebase-ios-sdk" */;
			productName = FirebaseCore;
		};
		248D88042F3052400031846B /* FirebaseCrashlytics */ = {
			isa = XCSwiftPackageProductDependency;
			package = 248D87EF2F3052400031846B /* XCRemoteSwiftPackageReference "firebase-ios-sdk" */;
			productName = FirebaseCrashlytics;
		};
		248D88062F3052400031846B /* FirebaseDatabase */ = {
			isa = XCSwiftPackageProductDependency;
			package = 248D87EF2F3052400031846B /* XCRemoteSwiftPackageReference "firebase-ios-sdk" */;
			productName = FirebaseDatabase;
		};
		248D88082F3052400031846B /* FirebaseFirestore */ = {
			isa = XCSwiftPackageProductDependency;
			package = 248D87EF2F3052400031846B /* XCRemoteSwiftPackageReference "firebase-ios-sdk" */;
			productName = FirebaseFirestore;
		};
		248D880A2F3052400031846B /* FirebaseFirestoreCombine-Community */ = {
			isa = XCSwiftPackageProductDependency;
			package = 248D87EF2F3052400031846B /* XCRemoteSwiftPackageReference "firebase-ios-sdk" */;
			productName = "FirebaseFirestoreCombine-Community";
		};
		248D880C2F3052400031846B /* FirebaseFunctions */ = {
			isa = XCSwiftPackageProductDependency;
			package = 248D87EF2F3052400031846B /* XCRemoteSwiftPackageReference "firebase-ios-sdk" */;
			productName = FirebaseFunctions;
		};
		248D880E2F3052400031846B /* FirebaseFunctionsCombine-Community */ = {
			isa = XCSwiftPackageProductDependency;
			package = 248D87EF2F3052400031846B /* XCRemoteSwiftPackageReference "firebase-ios-sdk" */;
			productName = "FirebaseFunctionsCombine-Community";
		};
		248D88102F3052400031846B /* FirebaseInAppMessaging-Beta */ = {
			isa = XCSwiftPackageProductDependency;
			package = 248D87EF2F3052400031846B /* XCRemoteSwiftPackageReference "firebase-ios-sdk" */;
			productName = "FirebaseInAppMessaging-Beta";
		};
		248D88122F3052400031846B /* FirebaseInstallations */ = {
			isa = XCSwiftPackageProductDependency;
			package = 248D87EF2F3052400031846B /* XCRemoteSwiftPackageReference "firebase-ios-sdk" */;
			productName = FirebaseInstallations;
		};
		248D88142F3052400031846B /* FirebaseMLModelDownloader */ = {
			isa = XCSwiftPackageProductDependency;
			package = 248D87EF2F3052400031846B /* XCRemoteSwiftPackageReference "firebase-ios-sdk" */;
			productName = FirebaseMLModelDownloader;
		};
		248D88162F3052400031846B /* FirebaseMessaging */ = {
			isa = XCSwiftPackageProductDependency;
			package = 248D87EF2F3052400031846B /* XCRemoteSwiftPackageReference "firebase-ios-sdk" */;
			productName = FirebaseMessaging;
		};
		248D881A2F3052400031846B /* FirebaseRemoteConfig */ = {
			isa = XCSwiftPackageProductDependency;
			package = 248D87EF2F3052400031846B /* XCRemoteSwiftPackageReference "firebase-ios-sdk" */;
			productName = FirebaseRemoteConfig;
		};
		248D881C2F3052400031846B /* FirebaseStorage */ = {
			isa = XCSwiftPackageProductDependency;
			package = 248D87EF2F3052400031846B /* XCRemoteSwiftPackageReference "firebase-ios-sdk" */;
			productName = FirebaseStorage;
		};
		248D881E2F3052400031846B /* FirebaseStorageCombine-Community */ = {
			isa = XCSwiftPackageProductDependency;
			package = 248D87EF2F3052400031846B /* XCRemoteSwiftPackageReference "firebase-ios-sdk" */;
			productName = "FirebaseStorageCombine-Community";
		};
		248D88212F30531D0031846B /* GoogleSignIn */ = {
			isa = XCSwiftPackageProductDependency;
			package = 248D88202F30531D0031846B /* XCRemoteSwiftPackageReference "GoogleSignIn-iOS" */;
			productName = GoogleSignIn;
		};
		248D88232F30531D0031846B /* GoogleSignInSwift */ = {
			isa = XCSwiftPackageProductDependency;
			package = 248D88202F30531D0031846B /* XCRemoteSwiftPackageReference "GoogleSignIn-iOS" */;
			productName = GoogleSignInSwift;
		};
		7A1B2C342E9F000000000002 /* Vortex */ = {
			isa = XCSwiftPackageProductDependency;
			package = 7A1B2C342E9F000000000001 /* XCRemoteSwiftPackageReference "Vortex" */;
			productName = Vortex;
		};
		84063F062E00E29200218E1F /* FacebookAEM */ = {
			isa = XCSwiftPackageProductDependency;
			package = 84063F052E00E29200218E1F /* XCRemoteSwiftPackageReference "facebook-ios-sdk" */;
			productName = FacebookAEM;
		};
		84063F082E00E29200218E1F /* FacebookBasics */ = {
			isa = XCSwiftPackageProductDependency;
			package = 84063F052E00E29200218E1F /* XCRemoteSwiftPackageReference "facebook-ios-sdk" */;
			productName = FacebookBasics;
		};
		84063F0A2E00E29200218E1F /* FacebookCore */ = {
			isa = XCSwiftPackageProductDependency;
			package = 84063F052E00E29200218E1F /* XCRemoteSwiftPackageReference "facebook-ios-sdk" */;
			productName = FacebookCore;
		};
		84063F0C2E00E29200218E1F /* FacebookGamingServices */ = {
			isa = XCSwiftPackageProductDependency;
			package = 84063F052E00E29200218E1F /* XCRemoteSwiftPackageReference "facebook-ios-sdk" */;
			productName = FacebookGamingServices;
		};
		84063F0E2E00E29200218E1F /* FacebookLogin */ = {
			isa = XCSwiftPackageProductDependency;
			package = 84063F052E00E29200218E1F /* XCRemoteSwiftPackageReference "facebook-ios-sdk" */;
			productName = FacebookLogin;
		};
		84063F102E00E29200218E1F /* FacebookShare */ = {
			isa = XCSwiftPackageProductDependency;
			package = 84063F052E00E29200218E1F /* XCRemoteSwiftPackageReference "facebook-ios-sdk" */;
			productName = FacebookShare;
		};
		8458DF482E158DB7001688EA /* RevenueCat */ = {
			isa = XCSwiftPackageProductDependency;
			package = 8458DF472E158DB7001688EA /* XCRemoteSwiftPackageReference "purchases-ios" */;
			productName = RevenueCat;
		};
		8458DF4A2E158DB7001688EA /* RevenueCatUI */ = {
			isa = XCSwiftPackageProductDependency;
			package = 8458DF472E158DB7001688EA /* XCRemoteSwiftPackageReference "purchases-ios" */;
			productName = RevenueCatUI;
		};
		845BE2C02DED4D1800ECD629 /* Mixpanel */ = {
			isa = XCSwiftPackageProductDependency;
			package = 845BE2BF2DED4D1800ECD629 /* XCRemoteSwiftPackageReference "mixpanel-swift" */;
			productName = Mixpanel;
		};
/* End XCSwiftPackageProductDependency section */
	};
	rootObject = 844EFAB52DA3416E00620E37 /* Project object */;
}
