// !$*UTF8*$!
{
	archiveVersion = 1;
	classes = {
	};
	objectVersion = 77;
	objects = {

/* Begin PBXBuildFile section */
		845BE2C12DED4D1800ECD629 /* Mixpanel in Frameworks */ = {isa = PBXBuildFile; productRef = 845BE2C02DED4D1800ECD629 /* Mixpanel */; };
		84B2696B2DD8D7080031EACD /* ReceiptParser in Frameworks */ = {isa = PBXBuildFile; productRef = 84B2696A2DD8D7080031EACD /* ReceiptParser */; };
		84B2696D2DD8D7080031EACD /* RevenueCat in Frameworks */ = {isa = PBXBuildFile; productRef = 84B2696C2DD8D7080031EACD /* RevenueCat */; };
		84B2696F2DD8D7080031EACD /* RevenueCatUI in Frameworks */ = {isa = PBXBuildFile; productRef = 84B2696E2DD8D7080031EACD /* RevenueCatUI */; };
/* End PBXBuildFile section */

/* Begin PBXContainerItemProxy section */
		844EFACF2DA3416F00620E37 /* PBXContainerItemProxy */ = {
			isa = PBXContainerItemProxy;
			containerPortal = 844EFAB52DA3416E00620E37 /* Project object */;
			proxyType = 1;
			remoteGlobalIDString = 844EFABC2DA3416E00620E37;
			remoteInfo = MemoirAI;
		};
		844EFAD92DA3416F00620E37 /* PBXContainerItemProxy */ = {
			isa = PBXContainerItemProxy;
			containerPortal = 844EFAB52DA3416E00620E37 /* Project object */;
			proxyType = 1;
			remoteGlobalIDString = 844EFABC2DA3416E00620E37;
			remoteInfo = MemoirAI;
		};
/* End PBXContainerItemProxy section */

/* Begin PBXFileReference section */
		844EFABD2DA3416E00620E37 /* MemoirAI.app */ = {isa = PBXFileReference; explicitFileType = wrapper.application; includeInIndex = 0; path = MemoirAI.app; sourceTree = BUILT_PRODUCTS_DIR; };
		844EFACE2DA3416F00620E37 /* MemoirAITests.xctest */ = {isa = PBXFileReference; explicitFileType = wrapper.cfbundle; includeInIndex = 0; path = MemoirAITests.xctest; sourceTree = BUILT_PRODUCTS_DIR; };
		844EFAD82DA3416F00620E37 /* MemoirAIUITests.xctest */ = {isa = PBXFileReference; explicitFileType = wrapper.cfbundle; includeInIndex = 0; path = MemoirAIUITests.xctest; sourceTree = BUILT_PRODUCTS_DIR; };
/* End PBXFileReference section */

/* Begin PBXFileSystemSynchronizedBuildFileExceptionSet section */
		84A6BBD82DC7F227002E7430 /* Exceptions for "MemoirAI" folder in "MemoirAI" target */ = {
			isa = PBXFileSystemSynchronizedBuildFileExceptionSet;
			membershipExceptions = (
				Info.plist,
				"Story/String+Pagnation.swift",
			);
			target = 844EFABC2DA3416E00620E37 /* MemoirAI */;
		};
/* End PBXFileSystemSynchronizedBuildFileExceptionSet section */

/* Begin PBXFileSystemSynchronizedGroupBuildPhaseMembershipExceptionSet section */
		845471B32DE9F36F00435321 /* Exceptions for "MemoirAI" folder in "Copy Bundle Resources" phase from "MemoirAI" target */ = {
			isa = PBXFileSystemSynchronizedGroupBuildPhaseMembershipExceptionSet;
			buildPhase = 844EFABB2DA3416E00620E37 /* Resources */;
			membershipExceptions = (
				"Story/String+Pagnation.swift",
			);
		};
/* End PBXFileSystemSynchronizedGroupBuildPhaseMembershipExceptionSet section */

/* Begin PBXFileSystemSynchronizedRootGroup section */
		844EFABF2DA3416E00620E37 /* MemoirAI */ = {
			isa = PBXFileSystemSynchronizedRootGroup;
			exceptions = (
				84A6BBD82DC7F227002E7430 /* Exceptions for "MemoirAI" folder in "MemoirAI" target */,
				845471B32DE9F36F00435321 /* Exceptions for "MemoirAI" folder in "Copy Bundle Resources" phase from "MemoirAI" target */,
			);
			path = MemoirAI;
			sourceTree = "<group>";
		};
		844EFAD12DA3416F00620E37 /* MemoirAITests */ = {
			isa = PBXFileSystemSynchronizedRootGroup;
			path = MemoirAITests;
			sourceTree = "<group>";
		};
		844EFADB2DA3416F00620E37 /* MemoirAIUITests */ = {
			isa = PBXFileSystemSynchronizedRootGroup;
			path = MemoirAIUITests;
			sourceTree = "<group>";
		};
/* End PBXFileSystemSynchronizedRootGroup section */

/* Begin PBXFrameworksBuildPhase section */
		844EFABA2DA3416E00620E37 /* Frameworks */ = {
			isa = PBXFrameworksBuildPhase;
			buildActionMask = 2147483647;
			files = (
				84B2696D2DD8D7080031EACD /* RevenueCat in Frameworks */,
				84B2696B2DD8D7080031EACD /* ReceiptParser in Frameworks */,
				845BE2C12DED4D1800ECD629 /* Mixpanel in Frameworks */,
				84B2696F2DD8D7080031EACD /* RevenueCatUI in Frameworks */,
			);
			runOnlyForDeploymentPostprocessing = 0;
		};
		844EFACB2DA3416F00620E37 /* Frameworks */ = {
			isa = PBXFrameworksBuildPhase;
			buildActionMask = 2147483647;
			files = (
			);
			runOnlyForDeploymentPostprocessing = 0;
		};
		844EFAD52DA3416F00620E37 /* Frameworks */ = {
			isa = PBXFrameworksBuildPhase;
			buildActionMask = 2147483647;
			files = (
			);
			runOnlyForDeploymentPostprocessing = 0;
		};
/* End PBXFrameworksBuildPhase section */

/* Begin PBXGroup section */
		844EFAB42DA3416E00620E37 = {
			isa = PBXGroup;
			children = (
				844EFABF2DA3416E00620E37 /* MemoirAI */,
				844EFAD12DA3416F00620E37 /* MemoirAITests */,
				844EFADB2DA3416F00620E37 /* MemoirAIUITests */,
				844EFABE2DA3416E00620E37 /* Products */,
			);
			sourceTree = "<group>";
		};
		844EFABE2DA3416E00620E37 /* Products */ = {
			isa = PBXGroup;
			children = (
				844EFABD2DA3416E00620E37 /* MemoirAI.app */,
				844EFACE2DA3416F00620E37 /* MemoirAITests.xctest */,
				844EFAD82DA3416F00620E37 /* MemoirAIUITests.xctest */,
			);
			name = Products;
			sourceTree = "<group>";
		};
/* End PBXGroup section */

/* Begin PBXNativeTarget section */
		844EFABC2DA3416E00620E37 /* MemoirAI */ = {
			isa = PBXNativeTarget;
			buildConfigurationList = 844EFAE22DA3416F00620E37 /* Build configuration list for PBXNativeTarget "MemoirAI" */;
			buildPhases = (
				844EFAB92DA3416E00620E37 /* Sources */,
				844EFABA2DA3416E00620E37 /* Frameworks */,
				844EFABB2DA3416E00620E37 /* Resources */,
			);
			buildRules = (
			);
			dependencies = (
			);
			fileSystemSynchronizedGroups = (
				844EFABF2DA3416E00620E37 /* MemoirAI */,
			);
			name = MemoirAI;
			packageProductDependencies = (
				84B2696A2DD8D7080031EACD /* ReceiptParser */,
				84B2696C2DD8D7080031EACD /* RevenueCat */,
				84B2696E2DD8D7080031EACD /* RevenueCatUI */,
				845BE2C02DED4D1800ECD629 /* Mixpanel */,
			);
			productName = MemoirAI;
			productReference = 844EFABD2DA3416E00620E37 /* MemoirAI.app */;
			productType = "com.apple.product-type.application";
		};
		844EFACD2DA3416F00620E37 /* MemoirAITests */ = {
			isa = PBXNativeTarget;
			buildConfigurationList = 844EFAE52DA3416F00620E37 /* Build configuration list for PBXNativeTarget "MemoirAITests" */;
			buildPhases = (
				844EFACA2DA3416F00620E37 /* Sources */,
				844EFACB2DA3416F00620E37 /* Frameworks */,
				844EFACC2DA3416F00620E37 /* Resources */,
			);
			buildRules = (
			);
			dependencies = (
				844EFAD02DA3416F00620E37 /* PBXTargetDependency */,
			);
			fileSystemSynchronizedGroups = (
				844EFAD12DA3416F00620E37 /* MemoirAITests */,
			);
			name = MemoirAITests;
			packageProductDependencies = (
			);
			productName = MemoirAITests;
			productReference = 844EFACE2DA3416F00620E37 /* MemoirAITests.xctest */;
			productType = "com.apple.product-type.bundle.unit-test";
		};
		844EFAD72DA3416F00620E37 /* MemoirAIUITests */ = {
			isa = PBXNativeTarget;
			buildConfigurationList = 844EFAE82DA3416F00620E37 /* Build configuration list for PBXNativeTarget "MemoirAIUITests" */;
			buildPhases = (
				844EFAD42DA3416F00620E37 /* Sources */,
				844EFAD52DA3416F00620E37 /* Frameworks */,
				844EFAD62DA3416F00620E37 /* Resources */,
			);
			buildRules = (
			);
			dependencies = (
				844EFADA2DA3416F00620E37 /* PBXTargetDependency */,
			);
			fileSystemSynchronizedGroups = (
				844EFADB2DA3416F00620E37 /* MemoirAIUITests */,
			);
			name = MemoirAIUITests;
			packageProductDependencies = (
			);
			productName = MemoirAIUITests;
			productReference = 844EFAD82DA3416F00620E37 /* MemoirAIUITests.xctest */;
			productType = "com.apple.product-type.bundle.ui-testing";
		};
/* End PBXNativeTarget section */

/* Begin PBXProject section */
		844EFAB52DA3416E00620E37 /* Project object */ = {
			isa = PBXProject;
			attributes = {
				BuildIndependentTargetsInParallel = 1;
				LastSwiftUpdateCheck = 1620;
				LastUpgradeCheck = 1620;
				TargetAttributes = {
					844EFABC2DA3416E00620E37 = {
						CreatedOnToolsVersion = 16.2;
					};
					844EFACD2DA3416F00620E37 = {
						CreatedOnToolsVersion = 16.2;
						TestTargetID = 844EFABC2DA3416E00620E37;
					};
					844EFAD72DA3416F00620E37 = {
						CreatedOnToolsVersion = 16.2;
						TestTargetID = 844EFABC2DA3416E00620E37;
					};
				};
			};
			buildConfigurationList = 844EFAB82DA3416E00620E37 /* Build configuration list for PBXProject "MemoirAI" */;
			developmentRegion = en;
			hasScannedForEncodings = 0;
			knownRegions = (
				en,
				Base,
			);
			mainGroup = 844EFAB42DA3416E00620E37;
			minimizedProjectReferenceProxies = 1;
			packageReferences = (
				84B269692DD8D7080031EACD /* XCRemoteSwiftPackageReference "purchases-ios" */,
				845BE2BF2DED4D1800ECD629 /* XCRemoteSwiftPackageReference "mixpanel-swift" */,
			);
			preferredProjectObjectVersion = 77;
			productRefGroup = 844EFABE2DA3416E00620E37 /* Products */;
			projectDirPath = "";
			projectRoot = "";
			targets = (
				844EFABC2DA3416E00620E37 /* MemoirAI */,
				844EFACD2DA3416F00620E37 /* MemoirAITests */,
				844EFAD72DA3416F00620E37 /* MemoirAIUITests */,
			);
		};
/* End PBXProject section */

/* Begin PBXResourcesBuildPhase section */
		844EFABB2DA3416E00620E37 /* Resources */ = {
			isa = PBXResourcesBuildPhase;
			buildActionMask = 2147483647;
			files = (
			);
			runOnlyForDeploymentPostprocessing = 0;
		};
		844EFACC2DA3416F00620E37 /* Resources */ = {
			isa = PBXResourcesBuildPhase;
			buildActionMask = 2147483647;
			files = (
			);
			runOnlyForDeploymentPostprocessing = 0;
		};
		844EFAD62DA3416F00620E37 /* Resources */ = {
			isa = PBXResourcesBuildPhase;
			buildActionMask = 2147483647;
			files = (
			);
			runOnlyForDeploymentPostprocessing = 0;
		};
/* End PBXResourcesBuildPhase section */

/* Begin PBXSourcesBuildPhase section */
		844EFAB92DA3416E00620E37 /* Sources */ = {
			isa = PBXSourcesBuildPhase;
			buildActionMask = 2147483647;
			files = (
			);
			runOnlyForDeploymentPostprocessing = 0;
		};
		844EFACA2DA3416F00620E37 /* Sources */ = {
			isa = PBXSourcesBuildPhase;
			buildActionMask = 2147483647;
			files = (
			);
			runOnlyForDeploymentPostprocessing = 0;
		};
		844EFAD42DA3416F00620E37 /* Sources */ = {
			isa = PBXSourcesBuildPhase;
			buildActionMask = 2147483647;
			files = (
			);
			runOnlyForDeploymentPostprocessing = 0;
		};
/* End PBXSourcesBuildPhase section */

/* Begin PBXTargetDependency section */
		844EFAD02DA3416F00620E37 /* PBXTargetDependency */ = {
			isa = PBXTargetDependency;
			target = 844EFABC2DA3416E00620E37 /* MemoirAI */;
			targetProxy = 844EFACF2DA3416F00620E37 /* PBXContainerItemProxy */;
		};
		844EFADA2DA3416F00620E37 /* PBXTargetDependency */ = {
			isa = PBXTargetDependency;
			target = 844EFABC2DA3416E00620E37 /* MemoirAI */;
			targetProxy = 844EFAD92DA3416F00620E37 /* PBXContainerItemProxy */;
		};
/* End PBXTargetDependency section */

/* Begin XCBuildConfiguration section */
		844EFAE02DA3416F00620E37 /* Debug */ = {
			isa = XCBuildConfiguration;
			buildSettings = {
				ALWAYS_SEARCH_USER_PATHS = NO;
				ASSETCATALOG_COMPILER_GENERATE_SWIFT_ASSET_SYMBOL_EXTENSIONS = YES;
				CLANG_ANALYZER_NONNULL = YES;
				CLANG_ANALYZER_NUMBER_OBJECT_CONVERSION = YES_AGGRESSIVE;
				CLANG_CXX_LANGUAGE_STANDARD = "gnu++20";
				CLANG_ENABLE_MODULES = YES;
				CLANG_ENABLE_OBJC_ARC = YES;
				CLANG_ENABLE_OBJC_WEAK = YES;
				CLANG_WARN_BLOCK_CAPTURE_AUTORELEASING = YES;
				CLANG_WARN_BOOL_CONVERSION = YES;
				CLANG_WARN_COMMA = YES;
				CLANG_WARN_CONSTANT_CONVERSION = YES;
				CLANG_WARN_DEPRECATED_OBJC_IMPLEMENTATIONS = YES;
				CLANG_WARN_DIRECT_OBJC_ISA_USAGE = YES_ERROR;
				CLANG_WARN_DOCUMENTATION_COMMENTS = YES;
				CLANG_WARN_EMPTY_BODY = YES;
				CLANG_WARN_ENUM_CONVERSION = YES;
				CLANG_WARN_INFINITE_RECURSION = YES;
				CLANG_WARN_INT_CONVERSION = YES;
				CLANG_WARN_NON_LITERAL_NULL_CONVERSION = YES;
				CLANG_WARN_OBJC_IMPLICIT_RETAIN_SELF = YES;
				CLANG_WARN_OBJC_LITERAL_CONVERSION = YES;
				CLANG_WARN_OBJC_ROOT_CLASS = YES_ERROR;
				CLANG_WARN_QUOTED_INCLUDE_IN_FRAMEWORK_HEADER = YES;
				CLANG_WARN_RANGE_LOOP_ANALYSIS = YES;
				CLANG_WARN_STRICT_PROTOTYPES = YES;
				CLANG_WARN_SUSPICIOUS_MOVE = YES;
				CLANG_WARN_UNGUARDED_AVAILABILITY = YES_AGGRESSIVE;
				CLANG_WARN_UNREACHABLE_CODE = YES;
				CLANG_WARN__DUPLICATE_METHOD_MATCH = YES;
				COPY_PHASE_STRIP = NO;
				DEBUG_INFORMATION_FORMAT = dwarf;
				ENABLE_STRICT_OBJC_MSGSEND = YES;
				ENABLE_TESTABILITY = YES;
				ENABLE_USER_SCRIPT_SANDBOXING = YES;
				GCC_C_LANGUAGE_STANDARD = gnu17;
				GCC_DYNAMIC_NO_PIC = NO;
				GCC_NO_COMMON_BLOCKS = YES;
				GCC_OPTIMIZATION_LEVEL = 0;
				GCC_PREPROCESSOR_DEFINITIONS = (
					"DEBUG=1",
					"$(inherited)",
				);
				GCC_WARN_64_TO_32_BIT_CONVERSION = YES;
				GCC_WARN_ABOUT_RETURN_TYPE = YES_ERROR;
				GCC_WARN_UNDECLARED_SELECTOR = YES;
				GCC_WARN_UNINITIALIZED_AUTOS = YES_AGGRESSIVE;
				GCC_WARN_UNUSED_FUNCTION = YES;
				GCC_WARN_UNUSED_VARIABLE = YES;
				LOCALIZATION_PREFERS_STRING_CATALOGS = YES;
				MTL_ENABLE_DEBUG_INFO = INCLUDE_SOURCE;
				MTL_FAST_MATH = YES;
				ONLY_ACTIVE_ARCH = YES;
				SWIFT_ACTIVE_COMPILATION_CONDITIONS = "DEBUG $(inherited)";
				SWIFT_OPTIMIZATION_LEVEL = "-Onone";
			};
			name = Debug;
		};
		844EFAE12DA3416F00620E37 /* Release */ = {
			isa = XCBuildConfiguration;
			buildSettings = {
				ALWAYS_SEARCH_USER_PATHS = NO;
				ASSETCATALOG_COMPILER_GENERATE_SWIFT_ASSET_SYMBOL_EXTENSIONS = YES;
				CLANG_ANALYZER_NONNULL = YES;
				CLANG_ANALYZER_NUMBER_OBJECT_CONVERSION = YES_AGGRESSIVE;
				CLANG_CXX_LANGUAGE_STANDARD = "gnu++20";
				CLANG_ENABLE_MODULES = YES;
				CLANG_ENABLE_OBJC_ARC = YES;
				CLANG_ENABLE_OBJC_WEAK = YES;
				CLANG_WARN_BLOCK_CAPTURE_AUTORELEASING = YES;
				CLANG_WARN_BOOL_CONVERSION = YES;
				CLANG_WARN_COMMA = YES;
				CLANG_WARN_CONSTANT_CONVERSION = YES;
				CLANG_WARN_DEPRECATED_OBJC_IMPLEMENTATIONS = YES;
				CLANG_WARN_DIRECT_OBJC_ISA_USAGE = YES_ERROR;
				CLANG_WARN_DOCUMENTATION_COMMENTS = YES;
				CLANG_WARN_EMPTY_BODY = YES;
				CLANG_WARN_ENUM_CONVERSION = YES;
				CLANG_WARN_INFINITE_RECURSION = YES;
				CLANG_WARN_INT_CONVERSION = YES;
				CLANG_WARN_NON_LITERAL_NULL_CONVERSION = YES;
				CLANG_WARN_OBJC_IMPLICIT_RETAIN_SELF = YES;
				CLANG_WARN_OBJC_LITERAL_CONVERSION = YES;
				CLANG_WARN_OBJC_ROOT_CLASS = YES_ERROR;
				CLANG_WARN_QUOTED_INCLUDE_IN_FRAMEWORK_HEADER = YES;
				CLANG_WARN_RANGE_LOOP_ANALYSIS = YES;
				CLANG_WARN_STRICT_PROTOTYPES = YES;
				CLANG_WARN_SUSPICIOUS_MOVE = YES;
				CLANG_WARN_UNGUARDED_AVAILABILITY = YES_AGGRESSIVE;
				CLANG_WARN_UNREACHABLE_CODE = YES;
				CLANG_WARN__DUPLICATE_METHOD_MATCH = YES;
				COPY_PHASE_STRIP = NO;
				DEBUG_INFORMATION_FORMAT = "dwarf-with-dsym";
				ENABLE_NS_ASSERTIONS = NO;
				ENABLE_STRICT_OBJC_MSGSEND = YES;
				ENABLE_USER_SCRIPT_SANDBOXING = YES;
				GCC_C_LANGUAGE_STANDARD = gnu17;
				GCC_NO_COMMON_BLOCKS = YES;
				GCC_WARN_64_TO_32_BIT_CONVERSION = YES;
				GCC_WARN_ABOUT_RETURN_TYPE = YES_ERROR;
				GCC_WARN_UNDECLARED_SELECTOR = YES;
				GCC_WARN_UNINITIALIZED_AUTOS = YES_AGGRESSIVE;
				GCC_WARN_UNUSED_FUNCTION = YES;
				GCC_WARN_UNUSED_VARIABLE = YES;
				LOCALIZATION_PREFERS_STRING_CATALOGS = YES;
				MTL_ENABLE_DEBUG_INFO = NO;
				MTL_FAST_MATH = YES;
				SWIFT_COMPILATION_MODE = wholemodule;
			};
			name = Release;
		};
		844EFAE32DA3416F00620E37 /* Debug */ = {
			isa = XCBuildConfiguration;
			buildSettings = {
				ASSETCATALOG_COMPILER_APPICON_NAME = AppIcon;
				ASSETCATALOG_COMPILER_GLOBAL_ACCENT_COLOR_NAME = AccentColor;
				CODE_SIGN_ENTITLEMENTS = MemoirAI/MemoirAI.entitlements;
				CODE_SIGN_STYLE = Automatic;
				CURRENT_PROJECT_VERSION = 1;
				DEVELOPMENT_ASSET_PATHS = "\"MemoirAI/Preview Content\"";
				DEVELOPMENT_TEAM = SNG8SZK5TY;
				ENABLE_HARDENED_RUNTIME = YES;
				ENABLE_PREVIEWS = YES;
				GENERATE_INFOPLIST_FILE = NO;
				INFOPLIST_FILE = MemoirAI/Info.plist;
				"INFOPLIST_KEY_UIApplicationSceneManifest_Generation[sdk=iphoneos*]" = YES;
				"INFOPLIST_KEY_UIApplicationSceneManifest_Generation[sdk=iphonesimulator*]" = YES;
				"INFOPLIST_KEY_UIApplicationSupportsIndirectInputEvents[sdk=iphoneos*]" = YES;
				"INFOPLIST_KEY_UIApplicationSupportsIndirectInputEvents[sdk=iphonesimulator*]" = YES;
				"INFOPLIST_KEY_UILaunchScreen_Generation[sdk=iphoneos*]" = YES;
				"INFOPLIST_KEY_UILaunchScreen_Generation[sdk=iphonesimulator*]" = YES;
				"INFOPLIST_KEY_UIStatusBarStyle[sdk=iphoneos*]" = UIStatusBarStyleDefault;
				"INFOPLIST_KEY_UIStatusBarStyle[sdk=iphonesimulator*]" = UIStatusBarStyleDefault;
				INFOPLIST_KEY_UISupportedInterfaceOrientations_iPad = "UIInterfaceOrientationPortrait UIInterfaceOrientationPortraitUpsideDown UIInterfaceOrientationLandscapeLeft UIInterfaceOrientationLandscapeRight";
				INFOPLIST_KEY_UISupportedInterfaceOrientations_iPhone = "UIInterfaceOrientationPortrait UIInterfaceOrientationLandscapeLeft UIInterfaceOrientationLandscapeRight";
				IPHONEOS_DEPLOYMENT_TARGET = 18.2;
				LD_RUNPATH_SEARCH_PATHS = "@executable_path/Frameworks";
				"LD_RUNPATH_SEARCH_PATHS[sdk=macosx*]" = "@executable_path/../Frameworks";
				MACOSX_DEPLOYMENT_TARGET = 14.7;
				MARKETING_VERSION = 1.1;
				PRODUCT_BUNDLE_IDENTIFIER = com.Buildr.MemoirAI;
				PRODUCT_NAME = "$(TARGET_NAME)";
				SDKROOT = auto;
				SUPPORTED_PLATFORMS = "iphoneos iphonesimulator macosx xros xrsimulator";
				SWIFT_EMIT_LOC_STRINGS = YES;
				SWIFT_VERSION = 5.0;
				TARGETED_DEVICE_FAMILY = "1,2,7";
				XROS_DEPLOYMENT_TARGET = 2.2;
			};
			name = Debug;
		};
		844EFAE42DA3416F00620E37 /* Release */ = {
			isa = XCBuildConfiguration;
			buildSettings = {
				ASSETCATALOG_COMPILER_APPICON_NAME = AppIcon;
				ASSETCATALOG_COMPILER_GLOBAL_ACCENT_COLOR_NAME = AccentColor;
				CODE_SIGN_ENTITLEMENTS = MemoirAI/MemoirAI.entitlements;
				CODE_SIGN_STYLE = Automatic;
				CURRENT_PROJECT_VERSION = 1;
				DEVELOPMENT_ASSET_PATHS = "\"MemoirAI/Preview Content\"";
				DEVELOPMENT_TEAM = SNG8SZK5TY;
				ENABLE_HARDENED_RUNTIME = YES;
				ENABLE_PREVIEWS = YES;
				GENERATE_INFOPLIST_FILE = NO;
				INFOPLIST_FILE = MemoirAI/Info.plist;
				"INFOPLIST_KEY_UIApplicationSceneManifest_Generation[sdk=iphoneos*]" = YES;
				"INFOPLIST_KEY_UIApplicationSceneManifest_Generation[sdk=iphonesimulator*]" = YES;
				"INFOPLIST_KEY_UIApplicationSupportsIndirectInputEvents[sdk=iphoneos*]" = YES;
				"INFOPLIST_KEY_UIApplicationSupportsIndirectInputEvents[sdk=iphonesimulator*]" = YES;
				"INFOPLIST_KEY_UILaunchScreen_Generation[sdk=iphoneos*]" = YES;
				"INFOPLIST_KEY_UILaunchScreen_Generation[sdk=iphonesimulator*]" = YES;
				"INFOPLIST_KEY_UIStatusBarStyle[sdk=iphoneos*]" = UIStatusBarStyleDefault;
				"INFOPLIST_KEY_UIStatusBarStyle[sdk=iphonesimulator*]" = UIStatusBarStyleDefault;
				INFOPLIST_KEY_UISupportedInterfaceOrientations_iPad = "UIInterfaceOrientationPortrait UIInterfaceOrientationPortraitUpsideDown UIInterfaceOrientationLandscapeLeft UIInterfaceOrientationLandscapeRight";
				INFOPLIST_KEY_UISupportedInterfaceOrientations_iPhone = "UIInterfaceOrientationPortrait UIInterfaceOrientationLandscapeLeft UIInterfaceOrientationLandscapeRight";
				IPHONEOS_DEPLOYMENT_TARGET = 18.2;
				LD_RUNPATH_SEARCH_PATHS = "@executable_path/Frameworks";
				"LD_RUNPATH_SEARCH_PATHS[sdk=macosx*]" = "@executable_path/../Frameworks";
				MACOSX_DEPLOYMENT_TARGET = 14.7;
				MARKETING_VERSION = 1.1;
				PRODUCT_BUNDLE_IDENTIFIER = com.Buildr.MemoirAI;
				PRODUCT_NAME = "$(TARGET_NAME)";
				SDKROOT = auto;
				SUPPORTED_PLATFORMS = "iphoneos iphonesimulator macosx xros xrsimulator";
				SWIFT_EMIT_LOC_STRINGS = YES;
				SWIFT_VERSION = 5.0;
				TARGETED_DEVICE_FAMILY = "1,2,7";
				XROS_DEPLOYMENT_TARGET = 2.2;
			};
			name = Release;
		};
		844EFAE62DA3416F00620E37 /* Debug */ = {
			isa = XCBuildConfiguration;
			buildSettings = {
				BUNDLE_LOADER = "$(TEST_HOST)";
				CODE_SIGN_STYLE = Automatic;
				CURRENT_PROJECT_VERSION = 1;
				DEVELOPMENT_TEAM = SNG8SZK5TY;
				GENERATE_INFOPLIST_FILE = YES;
				IPHONEOS_DEPLOYMENT_TARGET = 18.2;
				MACOSX_DEPLOYMENT_TARGET = 14.7;
				MARKETING_VERSION = 1.0;
				PRODUCT_BUNDLE_IDENTIFIER = com.Buildr.MemoirAITests;
				PRODUCT_NAME = "$(TARGET_NAME)";
				SDKROOT = auto;
				SUPPORTED_PLATFORMS = "iphoneos iphonesimulator macosx xros xrsimulator";
				SWIFT_EMIT_LOC_STRINGS = NO;
				SWIFT_VERSION = 5.0;
				TARGETED_DEVICE_FAMILY = "1,2,7";
				TEST_HOST = "$(BUILT_PRODUCTS_DIR)/MemoirAI.app/$(BUNDLE_EXECUTABLE_FOLDER_PATH)/MemoirAI";
				XROS_DEPLOYMENT_TARGET = 2.2;
			};
			name = Debug;
		};
		844EFAE72DA3416F00620E37 /* Release */ = {
			isa = XCBuildConfiguration;
			buildSettings = {
				BUNDLE_LOADER = "$(TEST_HOST)";
				CODE_SIGN_STYLE = Automatic;
				CURRENT_PROJECT_VERSION = 1;
				DEVELOPMENT_TEAM = SNG8SZK5TY;
				GENERATE_INFOPLIST_FILE = YES;
				IPHONEOS_DEPLOYMENT_TARGET = 18.2;
				MACOSX_DEPLOYMENT_TARGET = 14.7;
				MARKETING_VERSION = 1.0;
				PRODUCT_BUNDLE_IDENTIFIER = com.Buildr.MemoirAITests;
				PRODUCT_NAME = "$(TARGET_NAME)";
				SDKROOT = auto;
				SUPPORTED_PLATFORMS = "iphoneos iphonesimulator macosx xros xrsimulator";
				SWIFT_EMIT_LOC_STRINGS = NO;
				SWIFT_VERSION = 5.0;
				TARGETED_DEVICE_FAMILY = "1,2,7";
				TEST_HOST = "$(BUILT_PRODUCTS_DIR)/MemoirAI.app/$(BUNDLE_EXECUTABLE_FOLDER_PATH)/MemoirAI";
				XROS_DEPLOYMENT_TARGET = 2.2;
			};
			name = Release;
		};
		844EFAE92DA3416F00620E37 /* Debug */ = {
			isa = XCBuildConfiguration;
			buildSettings = {
				CODE_SIGN_STYLE = Automatic;
				CURRENT_PROJECT_VERSION = 1;
				DEVELOPMENT_TEAM = SNG8SZK5TY;
				GENERATE_INFOPLIST_FILE = YES;
				IPHONEOS_DEPLOYMENT_TARGET = 18.2;
				MACOSX_DEPLOYMENT_TARGET = 14.7;
				MARKETING_VERSION = 1.0;
				PRODUCT_BUNDLE_IDENTIFIER = com.Buildr.MemoirAIUITests;
				PRODUCT_NAME = "$(TARGET_NAME)";
				SDKROOT = auto;
				SUPPORTED_PLATFORMS = "iphoneos iphonesimulator macosx xros xrsimulator";
				SWIFT_EMIT_LOC_STRINGS = NO;
				SWIFT_VERSION = 5.0;
				TARGETED_DEVICE_FAMILY = "1,2,7";
				TEST_TARGET_NAME = MemoirAI;
				XROS_DEPLOYMENT_TARGET = 2.2;
			};
			name = Debug;
		};
		844EFAEA2DA3416F00620E37 /* Release */ = {
			isa = XCBuildConfiguration;
			buildSettings = {
				CODE_SIGN_STYLE = Automatic;
				CURRENT_PROJECT_VERSION = 1;
				DEVELOPMENT_TEAM = SNG8SZK5TY;
				GENERATE_INFOPLIST_FILE = YES;
				IPHONEOS_DEPLOYMENT_TARGET = 18.2;
				MACOSX_DEPLOYMENT_TARGET = 14.7;
				MARKETING_VERSION = 1.0;
				PRODUCT_BUNDLE_IDENTIFIER = com.Buildr.MemoirAIUITests;
				PRODUCT_NAME = "$(TARGET_NAME)";
				SDKROOT = auto;
				SUPPORTED_PLATFORMS = "iphoneos iphonesimulator macosx xros xrsimulator";
				SWIFT_EMIT_LOC_STRINGS = NO;
				SWIFT_VERSION = 5.0;
				TARGETED_DEVICE_FAMILY = "1,2,7";
				TEST_TARGET_NAME = MemoirAI;
				XROS_DEPLOYMENT_TARGET = 2.2;
			};
			name = Release;
		};
/* End XCBuildConfiguration section */

/* Begin XCConfigurationList section */
		844EFAB82DA3416E00620E37 /* Build configuration list for PBXProject "MemoirAI" */ = {
			isa = XCConfigurationList;
			buildConfigurations = (
				844EFAE02DA3416F00620E37 /* Debug */,
				844EFAE12DA3416F00620E37 /* Release */,
			);
			defaultConfigurationIsVisible = 0;
			defaultConfigurationName = Release;
		};
		844EFAE22DA3416F00620E37 /* Build configuration list for PBXNativeTarget "MemoirAI" */ = {
			isa = XCConfigurationList;
			buildConfigurations = (
				844EFAE32DA3416F00620E37 /* Debug */,
				844EFAE42DA3416F00620E37 /* Release */,
			);
			defaultConfigurationIsVisible = 0;
			defaultConfigurationName = Release;
		};
		844EFAE52DA3416F00620E37 /* Build configuration list for PBXNativeTarget "MemoirAITests" */ = {
			isa = XCConfigurationList;
			buildConfigurations = (
				844EFAE62DA3416F00620E37 /* Debug */,
				844EFAE72DA3416F00620E37 /* Release */,
			);
			defaultConfigurationIsVisible = 0;
			defaultConfigurationName = Release;
		};
		844EFAE82DA3416F00620E37 /* Build configuration list for PBXNativeTarget "MemoirAIUITests" */ = {
			isa = XCConfigurationList;
			buildConfigurations = (
				844EFAE92DA3416F00620E37 /* Debug */,
				844EFAEA2DA3416F00620E37 /* Release */,
			);
			defaultConfigurationIsVisible = 0;
			defaultConfigurationName = Release;
		};
/* End XCConfigurationList section */

/* Begin XCRemoteSwiftPackageReference section */
		845BE2BF2DED4D1800ECD629 /* XCRemoteSwiftPackageReference "mixpanel-swift" */ = {
			isa = XCRemoteSwiftPackageReference;
			repositoryURL = "https://github.com/mixpanel/mixpanel-swift";
			requirement = {
				branch = master;
				kind = branch;
			};
		};
		84B269692DD8D7080031EACD /* XCRemoteSwiftPackageReference "purchases-ios" */ = {
			isa = XCRemoteSwiftPackageReference;
			repositoryURL = "https://github.com/RevenueCat/purchases-ios";
			requirement = {
				kind = upToNextMajorVersion;
				minimumVersion = 5.24.0;
			};
		};
/* End XCRemoteSwiftPackageReference section */

/* Begin XCSwiftPackageProductDependency section */
		845BE2C02DED4D1800ECD629 /* Mixpanel */ = {
			isa = XCSwiftPackageProductDependency;
			package = 845BE2BF2DED4D1800ECD629 /* XCRemoteSwiftPackageReference "mixpanel-swift" */;
			productName = Mixpanel;
		};
		84B2696A2DD8D7080031EACD /* ReceiptParser */ = {
			isa = XCSwiftPackageProductDependency;
			package = 84B269692DD8D7080031EACD /* XCRemoteSwiftPackageReference "purchases-ios" */;
			productName = ReceiptParser;
		};
		84B2696C2DD8D7080031EACD /* RevenueCat */ = {
			isa = XCSwiftPackageProductDependency;
			package = 84B269692DD8D7080031EACD /* XCRemoteSwiftPackageReference "purchases-ios" */;
			productName = RevenueCat;
		};
		84B2696E2DD8D7080031EACD /* RevenueCatUI */ = {
			isa = XCSwiftPackageProductDependency;
			package = 84B269692DD8D7080031EACD /* XCRemoteSwiftPackageReference "purchases-ios" */;
			productName = RevenueCatUI;
		};
/* End XCSwiftPackageProductDependency section */
	};
	rootObject = 844EFAB52DA3416E00620E37 /* Project object */;
}
